// !$*UTF8*$!
{
	archiveVersion = 1;
	classes = {
	};
	objectVersion = 56;
	objects = {

/* Begin PBXBuildFile section */
		03AEB6022BA71CD900372CE7 /* Paname_Tabbar.docc in Sources */ = {isa = PBXBuildFile; fileRef = 03AEB6012BA71CD900372CE7 /* Paname_Tabbar.docc */; };
		03AEB6082BA71CD900372CE7 /* Paname_Tabbar.framework in Frameworks */ = {isa = PBXBuildFile; fileRef = 03AEB5FD2BA71CD900372CE7 /* Paname_Tabbar.framework */; };
		03AEB60D2BA71CD900372CE7 /* Paname_TabbarTests.swift in Sources */ = {isa = PBXBuildFile; fileRef = 03AEB60C2BA71CD900372CE7 /* Paname_TabbarTests.swift */; };
		03AEB60E2BA71CD900372CE7 /* Paname_Tabbar.h in Headers */ = {isa = PBXBuildFile; fileRef = 03AEB6002BA71CD900372CE7 /* Paname_Tabbar.h */; settings = {ATTRIBUTES = (Public, ); }; };
		03AEB61A2BA71D0200372CE7 /* TabbarBuilder.swift in Sources */ = {isa = PBXBuildFile; fileRef = 03AEB6192BA71D0200372CE7 /* TabbarBuilder.swift */; };
		03AEB61C2BA71D6900372CE7 /* TabbarView.swift in Sources */ = {isa = PBXBuildFile; fileRef = 03AEB61B2BA71D6900372CE7 /* TabbarView.swift */; };
		03AEB6212BA71DFA00372CE7 /* TabbarPayload.swift in Sources */ = {isa = PBXBuildFile; fileRef = 03AEB6202BA71DFA00372CE7 /* TabbarPayload.swift */; };
		03AEB6242BA71E5100372CE7 /* TabbarViewModel.swift in Sources */ = {isa = PBXBuildFile; fileRef = 03AEB6232BA71E5100372CE7 /* TabbarViewModel.swift */; };
		03AEB6302BA7238C00372CE7 /* Paname_Core in Frameworks */ = {isa = PBXBuildFile; productRef = 03AEB62F2BA7238C00372CE7 /* Paname_Core */; };
/* End PBXBuildFile section */

/* Begin PBXContainerItemProxy section */
		03AEB6092BA71CD900372CE7 /* PBXContainerItemProxy */ = {
			isa = PBXContainerItemProxy;
			containerPortal = 03AEB5F42BA71CD900372CE7 /* Project object */;
			proxyType = 1;
			remoteGlobalIDString = 03AEB5FC2BA71CD900372CE7;
			remoteInfo = Paname_Tabbar;
		};
/* End PBXContainerItemProxy section */

/* Begin PBXFileReference section */
		03AEB5FD2BA71CD900372CE7 /* Paname_Tabbar.framework */ = {isa = PBXFileReference; explicitFileType = wrapper.framework; includeInIndex = 0; path = Paname_Tabbar.framework; sourceTree = BUILT_PRODUCTS_DIR; };
		03AEB6002BA71CD900372CE7 /* Paname_Tabbar.h */ = {isa = PBXFileReference; lastKnownFileType = sourcecode.c.h; path = Paname_Tabbar.h; sourceTree = "<group>"; };
		03AEB6012BA71CD900372CE7 /* Paname_Tabbar.docc */ = {isa = PBXFileReference; lastKnownFileType = folder.documentationcatalog; path = Paname_Tabbar.docc; sourceTree = "<group>"; };
		03AEB6072BA71CD900372CE7 /* Paname_TabbarTests.xctest */ = {isa = PBXFileReference; explicitFileType = wrapper.cfbundle; includeInIndex = 0; path = Paname_TabbarTests.xctest; sourceTree = BUILT_PRODUCTS_DIR; };
		03AEB60C2BA71CD900372CE7 /* Paname_TabbarTests.swift */ = {isa = PBXFileReference; lastKnownFileType = sourcecode.swift; path = Paname_TabbarTests.swift; sourceTree = "<group>"; };
		03AEB6192BA71D0200372CE7 /* TabbarBuilder.swift */ = {isa = PBXFileReference; lastKnownFileType = sourcecode.swift; path = TabbarBuilder.swift; sourceTree = "<group>"; };
		03AEB61B2BA71D6900372CE7 /* TabbarView.swift */ = {isa = PBXFileReference; lastKnownFileType = sourcecode.swift; name = TabbarView.swift; path = ../Builder/TabbarView.swift; sourceTree = "<group>"; };
		03AEB6202BA71DFA00372CE7 /* TabbarPayload.swift */ = {isa = PBXFileReference; lastKnownFileType = sourcecode.swift; path = TabbarPayload.swift; sourceTree = "<group>"; };
		03AEB6232BA71E5100372CE7 /* TabbarViewModel.swift */ = {isa = PBXFileReference; lastKnownFileType = sourcecode.swift; path = TabbarViewModel.swift; sourceTree = "<group>"; };
/* End PBXFileReference section */

/* Begin PBXFrameworksBuildPhase section */
		03AEB5FA2BA71CD900372CE7 /* Frameworks */ = {
			isa = PBXFrameworksBuildPhase;
			buildActionMask = 2147483647;
			files = (
				03AEB6302BA7238C00372CE7 /* Paname_Core in Frameworks */,
			);
			runOnlyForDeploymentPostprocessing = 0;
		};
		03AEB6042BA71CD900372CE7 /* Frameworks */ = {
			isa = PBXFrameworksBuildPhase;
			buildActionMask = 2147483647;
			files = (
				03AEB6082BA71CD900372CE7 /* Paname_Tabbar.framework in Frameworks */,
			);
			runOnlyForDeploymentPostprocessing = 0;
		};
/* End PBXFrameworksBuildPhase section */

/* Begin PBXGroup section */
		03AEB5F32BA71CD900372CE7 = {
			isa = PBXGroup;
			children = (
				03AEB5FF2BA71CD900372CE7 /* Paname_Tabbar */,
				03AEB60B2BA71CD900372CE7 /* Paname_TabbarTests */,
				03AEB5FE2BA71CD900372CE7 /* Products */,
				03AEB62E2BA7238C00372CE7 /* Frameworks */,
			);
			sourceTree = "<group>";
		};
		03AEB5FE2BA71CD900372CE7 /* Products */ = {
			isa = PBXGroup;
			children = (
				03AEB5FD2BA71CD900372CE7 /* Paname_Tabbar.framework */,
				03AEB6072BA71CD900372CE7 /* Paname_TabbarTests.xctest */,
			);
			name = Products;
			sourceTree = "<group>";
		};
		03AEB5FF2BA71CD900372CE7 /* Paname_Tabbar */ = {
			isa = PBXGroup;
			children = (
				03AEB6252BA71E9E00372CE7 /* Model */,
				03AEB6222BA71E4900372CE7 /* ViewModel */,
				03AEB61D2BA71D9C00372CE7 /* View */,
				03AEB6182BA71CF500372CE7 /* Builder */,
				03AEB6172BA71CE500372CE7 /* Utilities */,
			);
			path = Paname_Tabbar;
			sourceTree = "<group>";
		};
		03AEB60B2BA71CD900372CE7 /* Paname_TabbarTests */ = {
			isa = PBXGroup;
			children = (
				03AEB60C2BA71CD900372CE7 /* Paname_TabbarTests.swift */,
			);
			path = Paname_TabbarTests;
			sourceTree = "<group>";
		};
		03AEB6172BA71CE500372CE7 /* Utilities */ = {
			isa = PBXGroup;
			children = (
				03AEB6002BA71CD900372CE7 /* Paname_Tabbar.h */,
				03AEB6012BA71CD900372CE7 /* Paname_Tabbar.docc */,
			);
			path = Utilities;
			sourceTree = "<group>";
		};
		03AEB6182BA71CF500372CE7 /* Builder */ = {
			isa = PBXGroup;
			children = (
				03AEB6192BA71D0200372CE7 /* TabbarBuilder.swift */,
				03AEB6202BA71DFA00372CE7 /* TabbarPayload.swift */,
			);
			path = Builder;
			sourceTree = "<group>";
		};
		03AEB61D2BA71D9C00372CE7 /* View */ = {
			isa = PBXGroup;
			children = (
				03AEB61B2BA71D6900372CE7 /* TabbarView.swift */,
			);
			path = View;
			sourceTree = "<group>";
		};
		03AEB6222BA71E4900372CE7 /* ViewModel */ = {
			isa = PBXGroup;
			children = (
				03AEB6232BA71E5100372CE7 /* TabbarViewModel.swift */,
			);
			path = ViewModel;
			sourceTree = "<group>";
		};
		03AEB6252BA71E9E00372CE7 /* Model */ = {
			isa = PBXGroup;
			children = (
			);
			path = Model;
			sourceTree = "<group>";
		};
		03AEB62E2BA7238C00372CE7 /* Frameworks */ = {
			isa = PBXGroup;
			children = (
			);
			name = Frameworks;
			sourceTree = "<group>";
		};
/* End PBXGroup section */

/* Begin PBXHeadersBuildPhase section */
		03AEB5F82BA71CD900372CE7 /* Headers */ = {
			isa = PBXHeadersBuildPhase;
			buildActionMask = 2147483647;
			files = (
				03AEB60E2BA71CD900372CE7 /* Paname_Tabbar.h in Headers */,
			);
			runOnlyForDeploymentPostprocessing = 0;
		};
/* End PBXHeadersBuildPhase section */

/* Begin PBXNativeTarget section */
		03AEB5FC2BA71CD900372CE7 /* Paname_Tabbar */ = {
			isa = PBXNativeTarget;
			buildConfigurationList = 03AEB6112BA71CD900372CE7 /* Build configuration list for PBXNativeTarget "Paname_Tabbar" */;
			buildPhases = (
				03AEB5F82BA71CD900372CE7 /* Headers */,
				03AEB5F92BA71CD900372CE7 /* Sources */,
				03AEB5FA2BA71CD900372CE7 /* Frameworks */,
				03AEB5FB2BA71CD900372CE7 /* Resources */,
			);
			buildRules = (
			);
			dependencies = (
			);
			name = Paname_Tabbar;
			packageProductDependencies = (
				03AEB62F2BA7238C00372CE7 /* Paname_Core */,
			);
			productName = Paname_Tabbar;
			productReference = 03AEB5FD2BA71CD900372CE7 /* Paname_Tabbar.framework */;
			productType = "com.apple.product-type.framework";
		};
		03AEB6062BA71CD900372CE7 /* Paname_TabbarTests */ = {
			isa = PBXNativeTarget;
			buildConfigurationList = 03AEB6142BA71CD900372CE7 /* Build configuration list for PBXNativeTarget "Paname_TabbarTests" */;
			buildPhases = (
				03AEB6032BA71CD900372CE7 /* Sources */,
				03AEB6042BA71CD900372CE7 /* Frameworks */,
				03AEB6052BA71CD900372CE7 /* Resources */,
			);
			buildRules = (
			);
			dependencies = (
				03AEB60A2BA71CD900372CE7 /* PBXTargetDependency */,
			);
			name = Paname_TabbarTests;
			productName = Paname_TabbarTests;
			productReference = 03AEB6072BA71CD900372CE7 /* Paname_TabbarTests.xctest */;
			productType = "com.apple.product-type.bundle.unit-test";
		};
/* End PBXNativeTarget section */

/* Begin PBXProject section */
		03AEB5F42BA71CD900372CE7 /* Project object */ = {
			isa = PBXProject;
			attributes = {
				BuildIndependentTargetsInParallel = 1;
				LastSwiftUpdateCheck = 1500;
				LastUpgradeCheck = 1500;
				TargetAttributes = {
					03AEB5FC2BA71CD900372CE7 = {
						CreatedOnToolsVersion = 15.0;
					};
					03AEB6062BA71CD900372CE7 = {
						CreatedOnToolsVersion = 15.0;
					};
				};
			};
			buildConfigurationList = 03AEB5F72BA71CD900372CE7 /* Build configuration list for PBXProject "Paname_Tabbar" */;
			compatibilityVersion = "Xcode 14.0";
			developmentRegion = en;
			hasScannedForEncodings = 0;
			knownRegions = (
				en,
				Base,
			);
			mainGroup = 03AEB5F32BA71CD900372CE7;
			productRefGroup = 03AEB5FE2BA71CD900372CE7 /* Products */;
			projectDirPath = "";
			projectRoot = "";
			targets = (
				03AEB5FC2BA71CD900372CE7 /* Paname_Tabbar */,
				03AEB6062BA71CD900372CE7 /* Paname_TabbarTests */,
			);
		};
/* End PBXProject section */

/* Begin PBXResourcesBuildPhase section */
		03AEB5FB2BA71CD900372CE7 /* Resources */ = {
			isa = PBXResourcesBuildPhase;
			buildActionMask = 2147483647;
			files = (
			);
			runOnlyForDeploymentPostprocessing = 0;
		};
		03AEB6052BA71CD900372CE7 /* Resources */ = {
			isa = PBXResourcesBuildPhase;
			buildActionMask = 2147483647;
			files = (
			);
			runOnlyForDeploymentPostprocessing = 0;
		};
/* End PBXResourcesBuildPhase section */

/* Begin PBXSourcesBuildPhase section */
		03AEB5F92BA71CD900372CE7 /* Sources */ = {
			isa = PBXSourcesBuildPhase;
			buildActionMask = 2147483647;
			files = (
				03AEB6212BA71DFA00372CE7 /* TabbarPayload.swift in Sources */,
				03AEB61C2BA71D6900372CE7 /* TabbarView.swift in Sources */,
				03AEB6242BA71E5100372CE7 /* TabbarViewModel.swift in Sources */,
				03AEB6022BA71CD900372CE7 /* Paname_Tabbar.docc in Sources */,
				03AEB61A2BA71D0200372CE7 /* TabbarBuilder.swift in Sources */,
			);
			runOnlyForDeploymentPostprocessing = 0;
		};
		03AEB6032BA71CD900372CE7 /* Sources */ = {
			isa = PBXSourcesBuildPhase;
			buildActionMask = 2147483647;
			files = (
				03AEB60D2BA71CD900372CE7 /* Paname_TabbarTests.swift in Sources */,
			);
			runOnlyForDeploymentPostprocessing = 0;
		};
/* End PBXSourcesBuildPhase section */

/* Begin PBXTargetDependency section */
		03AEB60A2BA71CD900372CE7 /* PBXTargetDependency */ = {
			isa = PBXTargetDependency;
			target = 03AEB5FC2BA71CD900372CE7 /* Paname_Tabbar */;
			targetProxy = 03AEB6092BA71CD900372CE7 /* PBXContainerItemProxy */;
		};
/* End PBXTargetDependency section */

/* Begin XCBuildConfiguration section */
		03AEB60F2BA71CD900372CE7 /* Debug */ = {
			isa = XCBuildConfiguration;
			buildSettings = {
				ALWAYS_SEARCH_USER_PATHS = NO;
				ASSETCATALOG_COMPILER_GENERATE_SWIFT_ASSET_SYMBOL_EXTENSIONS = YES;
				CLANG_ANALYZER_NONNULL = YES;
				CLANG_ANALYZER_NUMBER_OBJECT_CONVERSION = YES_AGGRESSIVE;
				CLANG_CXX_LANGUAGE_STANDARD = "gnu++20";
				CLANG_ENABLE_MODULES = YES;
				CLANG_ENABLE_OBJC_ARC = YES;
				CLANG_ENABLE_OBJC_WEAK = YES;
				CLANG_WARN_BLOCK_CAPTURE_AUTORELEASING = YES;
				CLANG_WARN_BOOL_CONVERSION = YES;
				CLANG_WARN_COMMA = YES;
				CLANG_WARN_CONSTANT_CONVERSION = YES;
				CLANG_WARN_DEPRECATED_OBJC_IMPLEMENTATIONS = YES;
				CLANG_WARN_DIRECT_OBJC_ISA_USAGE = YES_ERROR;
				CLANG_WARN_DOCUMENTATION_COMMENTS = YES;
				CLANG_WARN_EMPTY_BODY = YES;
				CLANG_WARN_ENUM_CONVERSION = YES;
				CLANG_WARN_INFINITE_RECURSION = YES;
				CLANG_WARN_INT_CONVERSION = YES;
				CLANG_WARN_NON_LITERAL_NULL_CONVERSION = YES;
				CLANG_WARN_OBJC_IMPLICIT_RETAIN_SELF = YES;
				CLANG_WARN_OBJC_LITERAL_CONVERSION = YES;
				CLANG_WARN_OBJC_ROOT_CLASS = YES_ERROR;
				CLANG_WARN_QUOTED_INCLUDE_IN_FRAMEWORK_HEADER = YES;
				CLANG_WARN_RANGE_LOOP_ANALYSIS = YES;
				CLANG_WARN_STRICT_PROTOTYPES = YES;
				CLANG_WARN_SUSPICIOUS_MOVE = YES;
				CLANG_WARN_UNGUARDED_AVAILABILITY = YES_AGGRESSIVE;
				CLANG_WARN_UNREACHABLE_CODE = YES;
				CLANG_WARN__DUPLICATE_METHOD_MATCH = YES;
				COPY_PHASE_STRIP = NO;
				CURRENT_PROJECT_VERSION = 1;
				DEBUG_INFORMATION_FORMAT = dwarf;
				ENABLE_STRICT_OBJC_MSGSEND = YES;
				ENABLE_TESTABILITY = YES;
				ENABLE_USER_SCRIPT_SANDBOXING = YES;
				GCC_C_LANGUAGE_STANDARD = gnu17;
				GCC_DYNAMIC_NO_PIC = NO;
				GCC_NO_COMMON_BLOCKS = YES;
				GCC_OPTIMIZATION_LEVEL = 0;
				GCC_PREPROCESSOR_DEFINITIONS = (
					"DEBUG=1",
					"$(inherited)",
				);
				GCC_WARN_64_TO_32_BIT_CONVERSION = YES;
				GCC_WARN_ABOUT_RETURN_TYPE = YES_ERROR;
				GCC_WARN_UNDECLARED_SELECTOR = YES;
				GCC_WARN_UNINITIALIZED_AUTOS = YES_AGGRESSIVE;
				GCC_WARN_UNUSED_FUNCTION = YES;
				GCC_WARN_UNUSED_VARIABLE = YES;
				IPHONEOS_DEPLOYMENT_TARGET = 17.0;
				LOCALIZATION_PREFERS_STRING_CATALOGS = YES;
				MTL_ENABLE_DEBUG_INFO = INCLUDE_SOURCE;
				MTL_FAST_MATH = YES;
				ONLY_ACTIVE_ARCH = YES;
				SDKROOT = iphoneos;
				SWIFT_ACTIVE_COMPILATION_CONDITIONS = "DEBUG $(inherited)";
				SWIFT_OPTIMIZATION_LEVEL = "-Onone";
				VERSIONING_SYSTEM = "apple-generic";
				VERSION_INFO_PREFIX = "";
			};
			name = Debug;
		};
		03AEB6102BA71CD900372CE7 /* Release */ = {
			isa = XCBuildConfiguration;
			buildSettings = {
				ALWAYS_SEARCH_USER_PATHS = NO;
				ASSETCATALOG_COMPILER_GENERATE_SWIFT_ASSET_SYMBOL_EXTENSIONS = YES;
				CLANG_ANALYZER_NONNULL = YES;
				CLANG_ANALYZER_NUMBER_OBJECT_CONVERSION = YES_AGGRESSIVE;
				CLANG_CXX_LANGUAGE_STANDARD = "gnu++20";
				CLANG_ENABLE_MODULES = YES;
				CLANG_ENABLE_OBJC_ARC = YES;
				CLANG_ENABLE_OBJC_WEAK = YES;
				CLANG_WARN_BLOCK_CAPTURE_AUTORELEASING = YES;
				CLANG_WARN_BOOL_CONVERSION = YES;
				CLANG_WARN_COMMA = YES;
				CLANG_WARN_CONSTANT_CONVERSION = YES;
				CLANG_WARN_DEPRECATED_OBJC_IMPLEMENTATIONS = YES;
				CLANG_WARN_DIRECT_OBJC_ISA_USAGE = YES_ERROR;
				CLANG_WARN_DOCUMENTATION_COMMENTS = YES;
				CLANG_WARN_EMPTY_BODY = YES;
				CLANG_WARN_ENUM_CONVERSION = YES;
				CLANG_WARN_INFINITE_RECURSION = YES;
				CLANG_WARN_INT_CONVERSION = YES;
				CLANG_WARN_NON_LITERAL_NULL_CONVERSION = YES;
				CLANG_WARN_OBJC_IMPLICIT_RETAIN_SELF = YES;
				CLANG_WARN_OBJC_LITERAL_CONVERSION = YES;
				CLANG_WARN_OBJC_ROOT_CLASS = YES_ERROR;
				CLANG_WARN_QUOTED_INCLUDE_IN_FRAMEWORK_HEADER = YES;
				CLANG_WARN_RANGE_LOOP_ANALYSIS = YES;
				CLANG_WARN_STRICT_PROTOTYPES = YES;
				CLANG_WARN_SUSPICIOUS_MOVE = YES;
				CLANG_WARN_UNGUARDED_AVAILABILITY = YES_AGGRESSIVE;
				CLANG_WARN_UNREACHABLE_CODE = YES;
				CLANG_WARN__DUPLICATE_METHOD_MATCH = YES;
				COPY_PHASE_STRIP = NO;
				CURRENT_PROJECT_VERSION = 1;
				DEBUG_INFORMATION_FORMAT = "dwarf-with-dsym";
				ENABLE_NS_ASSERTIONS = NO;
				ENABLE_STRICT_OBJC_MSGSEND = YES;
				ENABLE_USER_SCRIPT_SANDBOXING = YES;
				GCC_C_LANGUAGE_STANDARD = gnu17;
				GCC_NO_COMMON_BLOCKS = YES;
				GCC_WARN_64_TO_32_BIT_CONVERSION = YES;
				GCC_WARN_ABOUT_RETURN_TYPE = YES_ERROR;
				GCC_WARN_UNDECLARED_SELECTOR = YES;
				GCC_WARN_UNINITIALIZED_AUTOS = YES_AGGRESSIVE;
				GCC_WARN_UNUSED_FUNCTION = YES;
				GCC_WARN_UNUSED_VARIABLE = YES;
				IPHONEOS_DEPLOYMENT_TARGET = 17.0;
				LOCALIZATION_PREFERS_STRING_CATALOGS = YES;
				MTL_ENABLE_DEBUG_INFO = NO;
				MTL_FAST_MATH = YES;
				SDKROOT = iphoneos;
				SWIFT_COMPILATION_MODE = wholemodule;
				VALIDATE_PRODUCT = YES;
				VERSIONING_SYSTEM = "apple-generic";
				VERSION_INFO_PREFIX = "";
			};
			name = Release;
		};
		03AEB6122BA71CD900372CE7 /* Debug */ = {
			isa = XCBuildConfiguration;
			buildSettings = {
				CODE_SIGN_STYLE = Automatic;
				CURRENT_PROJECT_VERSION = 1;
				DEFINES_MODULE = YES;
				DEVELOPMENT_TEAM = 6NVH37G35U;
				DYLIB_COMPATIBILITY_VERSION = 1;
				DYLIB_CURRENT_VERSION = 1;
				DYLIB_INSTALL_NAME_BASE = "@rpath";
				ENABLE_MODULE_VERIFIER = YES;
				GENERATE_INFOPLIST_FILE = YES;
				INFOPLIST_KEY_NSHumanReadableCopyright = "";
				INSTALL_PATH = "$(LOCAL_LIBRARY_DIR)/Frameworks";
				LD_RUNPATH_SEARCH_PATHS = (
					"$(inherited)",
					"@executable_path/Frameworks",
					"@loader_path/Frameworks",
				);
				MARKETING_VERSION = 1.0;
				MODULE_VERIFIER_SUPPORTED_LANGUAGES = "objective-c objective-c++";
				MODULE_VERIFIER_SUPPORTED_LANGUAGE_STANDARDS = "gnu17 gnu++20";
				PRODUCT_BUNDLE_IDENTIFIER = "com.adriencullier.Paname-Tabbar";
				PRODUCT_NAME = "$(TARGET_NAME:c99extidentifier)";
				SKIP_INSTALL = YES;
				SUPPORTED_PLATFORMS = "iphoneos iphonesimulator";
				SUPPORTS_MACCATALYST = NO;
				SUPPORTS_MAC_DESIGNED_FOR_IPHONE_IPAD = NO;
				SWIFT_EMIT_LOC_STRINGS = YES;
				SWIFT_VERSION = 5.0;
				TARGETED_DEVICE_FAMILY = 1;
			};
			name = Debug;
		};
		03AEB6132BA71CD900372CE7 /* Release */ = {
			isa = XCBuildConfiguration;
			buildSettings = {
				CODE_SIGN_STYLE = Automatic;
				CURRENT_PROJECT_VERSION = 1;
				DEFINES_MODULE = YES;
				DEVELOPMENT_TEAM = 6NVH37G35U;
				DYLIB_COMPATIBILITY_VERSION = 1;
				DYLIB_CURRENT_VERSION = 1;
				DYLIB_INSTALL_NAME_BASE = "@rpath";
				ENABLE_MODULE_VERIFIER = YES;
				GENERATE_INFOPLIST_FILE = YES;
				INFOPLIST_KEY_NSHumanReadableCopyright = "";
				INSTALL_PATH = "$(LOCAL_LIBRARY_DIR)/Frameworks";
				LD_RUNPATH_SEARCH_PATHS = (
					"$(inherited)",
					"@executable_path/Frameworks",
					"@loader_path/Frameworks",
				);
				MARKETING_VERSION = 1.0;
				MODULE_VERIFIER_SUPPORTED_LANGUAGES = "objective-c objective-c++";
				MODULE_VERIFIER_SUPPORTED_LANGUAGE_STANDARDS = "gnu17 gnu++20";
				PRODUCT_BUNDLE_IDENTIFIER = "com.adriencullier.Paname-Tabbar";
				PRODUCT_NAME = "$(TARGET_NAME:c99extidentifier)";
				SKIP_INSTALL = YES;
				SUPPORTED_PLATFORMS = "iphoneos iphonesimulator";
				SUPPORTS_MACCATALYST = NO;
				SUPPORTS_MAC_DESIGNED_FOR_IPHONE_IPAD = NO;
				SWIFT_EMIT_LOC_STRINGS = YES;
				SWIFT_VERSION = 5.0;
				TARGETED_DEVICE_FAMILY = 1;
			};
			name = Release;
		};
		03AEB6152BA71CD900372CE7 /* Debug */ = {
			isa = XCBuildConfiguration;
			buildSettings = {
				ALWAYS_EMBED_SWIFT_STANDARD_LIBRARIES = YES;
				CODE_SIGN_STYLE = Automatic;
				CURRENT_PROJECT_VERSION = 1;
				DEVELOPMENT_TEAM = 6NVH37G35U;
				GENERATE_INFOPLIST_FILE = YES;
				MARKETING_VERSION = 1.0;
				PRODUCT_BUNDLE_IDENTIFIER = "com.adriencullier.Paname-TabbarTests";
				PRODUCT_NAME = "$(TARGET_NAME)";
				SWIFT_EMIT_LOC_STRINGS = NO;
				SWIFT_VERSION = 5.0;
				TARGETED_DEVICE_FAMILY = "1,2";
			};
			name = Debug;
		};
		03AEB6162BA71CD900372CE7 /* Release */ = {
			isa = XCBuildConfiguration;
			buildSettings = {
				ALWAYS_EMBED_SWIFT_STANDARD_LIBRARIES = YES;
				CODE_SIGN_STYLE = Automatic;
				CURRENT_PROJECT_VERSION = 1;
				DEVELOPMENT_TEAM = 6NVH37G35U;
				GENERATE_INFOPLIST_FILE = YES;
				MARKETING_VERSION = 1.0;
				PRODUCT_BUNDLE_IDENTIFIER = "com.adriencullier.Paname-TabbarTests";
				PRODUCT_NAME = "$(TARGET_NAME)";
				SWIFT_EMIT_LOC_STRINGS = NO;
				SWIFT_VERSION = 5.0;
				TARGETED_DEVICE_FAMILY = "1,2";
			};
			name = Release;
		};
/* End XCBuildConfiguration section */

/* Begin XCConfigurationList section */
		03AEB5F72BA71CD900372CE7 /* Build configuration list for PBXProject "Paname_Tabbar" */ = {
			isa = XCConfigurationList;
			buildConfigurations = (
				03AEB60F2BA71CD900372CE7 /* Debug */,
				03AEB6102BA71CD900372CE7 /* Release */,
			);
			defaultConfigurationIsVisible = 0;
			defaultConfigurationName = Release;
		};
		03AEB6112BA71CD900372CE7 /* Build configuration list for PBXNativeTarget "Paname_Tabbar" */ = {
			isa = XCConfigurationList;
			buildConfigurations = (
				03AEB6122BA71CD900372CE7 /* Debug */,
				03AEB6132BA71CD900372CE7 /* Release */,
			);
			defaultConfigurationIsVisible = 0;
			defaultConfigurationName = Release;
		};
		03AEB6142BA71CD900372CE7 /* Build configuration list for PBXNativeTarget "Paname_TabbarTests" */ = {
			isa = XCConfigurationList;
			buildConfigurations = (
				03AEB6152BA71CD900372CE7 /* Debug */,
				03AEB6162BA71CD900372CE7 /* Release */,
			);
			defaultConfigurationIsVisible = 0;
			defaultConfigurationName = Release;
		};
/* End XCConfigurationList section */

/* Begin XCSwiftPackageProductDependency section */
		03AEB62F2BA7238C00372CE7 /* Paname_Core */ = {
			isa = XCSwiftPackageProductDependency;
			productName = Paname_Core;
		};
/* End XCSwiftPackageProductDependency section */
	};
	rootObject = 03AEB5F42BA71CD900372CE7 /* Project object */;
}
