// !$*UTF8*$!
{
	archiveVersion = 1;
	classes = {
	};
	objectVersion = 56;
	objects = {

/* Begin PBXBuildFile section */
		030E5E0D2B15B86200772AC7 /* EventTag.swift in Sources */ = {isa = PBXBuildFile; fileRef = 030E5E0C2B15B86200772AC7 /* EventTag.swift */; };
		033558832B2C2B8E004D0795 /* DateFormatter+Utils.swift in Sources */ = {isa = PBXBuildFile; fileRef = 033558822B2C2B8E004D0795 /* DateFormatter+Utils.swift */; };
		033558852B2C2BE5004D0795 /* String+Utils.swift in Sources */ = {isa = PBXBuildFile; fileRef = 033558842B2C2BE5004D0795 /* String+Utils.swift */; };
		033558872B2C2C39004D0795 /* Date+Utils.swift in Sources */ = {isa = PBXBuildFile; fileRef = 033558862B2C2C39004D0795 /* Date+Utils.swift */; };
		0344E0C62B622C7B004D5F63 /* CategoriesFilterView.swift in Sources */ = {isa = PBXBuildFile; fileRef = 0344E0C52B622C7B004D5F63 /* CategoriesFilterView.swift */; };
		0344E0FD2B67D1F0004D5F63 /* DiscoveryFiltersService.swift in Sources */ = {isa = PBXBuildFile; fileRef = 0344E0FC2B67D1F0004D5F63 /* DiscoveryFiltersService.swift */; };
		0344E1002B67D215004D5F63 /* DiscoveryDataState.swift in Sources */ = {isa = PBXBuildFile; fileRef = 0344E0FF2B67D215004D5F63 /* DiscoveryDataState.swift */; };
		0344E1032B67D260004D5F63 /* DiscoveryViewModel.swift in Sources */ = {isa = PBXBuildFile; fileRef = 0344E1022B67D260004D5F63 /* DiscoveryViewModel.swift */; };
		0344E1062B67D50A004D5F63 /* CacheAsyncImage.swift in Sources */ = {isa = PBXBuildFile; fileRef = 0344E1052B67D50A004D5F63 /* CacheAsyncImage.swift */; };
		0344E1092B67D570004D5F63 /* WebViews.swift in Sources */ = {isa = PBXBuildFile; fileRef = 0344E1082B67D570004D5F63 /* WebViews.swift */; };
		0344E10C2B67D599004D5F63 /* EventCard.swift in Sources */ = {isa = PBXBuildFile; fileRef = 0344E10B2B67D599004D5F63 /* EventCard.swift */; };
		0344E10F2B67D5C9004D5F63 /* ReservationButtonUIMode.swift in Sources */ = {isa = PBXBuildFile; fileRef = 0344E10E2B67D5C9004D5F63 /* ReservationButtonUIMode.swift */; };
		0344E1112B67D60D004D5F63 /* CategoryView.swift in Sources */ = {isa = PBXBuildFile; fileRef = 0344E1102B67D60D004D5F63 /* CategoryView.swift */; };
		0344E1132B67D62C004D5F63 /* CategoryMode.swift in Sources */ = {isa = PBXBuildFile; fileRef = 0344E1122B67D62C004D5F63 /* CategoryMode.swift */; };
		0344E1172B67F390004D5F63 /* DiscoveryView copy.swift in Sources */ = {isa = PBXBuildFile; fileRef = 0344E1162B67F390004D5F63 /* DiscoveryView copy.swift */; };
		036840872B71186800F739D6 /* Launch Screen.storyboard in Resources */ = {isa = PBXBuildFile; fileRef = 036840862B71186800F739D6 /* Launch Screen.storyboard */; };
		037984E92B73477B0079DA5C /* Audience.swift in Sources */ = {isa = PBXBuildFile; fileRef = 037984E82B73477B0079DA5C /* Audience.swift */; };
		0393645B2B0F416D008FC275 /* WhatsUpParisApp.swift in Sources */ = {isa = PBXBuildFile; fileRef = 0393645A2B0F416D008FC275 /* WhatsUpParisApp.swift */; };
		0393645D2B0F416D008FC275 /* ContentView.swift in Sources */ = {isa = PBXBuildFile; fileRef = 0393645C2B0F416D008FC275 /* ContentView.swift */; };
		0393645F2B0F416E008FC275 /* Assets.xcassets in Resources */ = {isa = PBXBuildFile; fileRef = 0393645E2B0F416E008FC275 /* Assets.xcassets */; };
		039364622B0F416E008FC275 /* Preview Assets.xcassets in Resources */ = {isa = PBXBuildFile; fileRef = 039364612B0F416E008FC275 /* Preview Assets.xcassets */; };
		039364692B0F4514008FC275 /* Agent.swift in Sources */ = {isa = PBXBuildFile; fileRef = 039364682B0F4514008FC275 /* Agent.swift */; };
		0393646B2B0F48D2008FC275 /* EventService.swift in Sources */ = {isa = PBXBuildFile; fileRef = 0393646A2B0F48D2008FC275 /* EventService.swift */; };
		03E86D002B59B1B70009AE45 /* CategoriesFilterView.swift in Sources */ = {isa = PBXBuildFile; fileRef = 03E86CFF2B59B1B70009AE45 /* CategoriesFilterView.swift */; };
		03E86D022B59B1D30009AE45 /* ShipLazyView.swift in Sources */ = {isa = PBXBuildFile; fileRef = 03E86D012B59B1D30009AE45 /* ShipLazyView.swift */; };
		03E86D042B59B1FE0009AE45 /* DiscoveryBuilder.swift in Sources */ = {isa = PBXBuildFile; fileRef = 03E86D032B59B1FE0009AE45 /* DiscoveryBuilder.swift */; };
		03E86D062B59B20D0009AE45 /* DiscoveryRouter.swift in Sources */ = {isa = PBXBuildFile; fileRef = 03E86D052B59B20D0009AE45 /* DiscoveryRouter.swift */; };
		03E86D082B59B2300009AE45 /* RootView.swift in Sources */ = {isa = PBXBuildFile; fileRef = 03E86D072B59B2300009AE45 /* RootView.swift */; };
		03E86D0A2B59B2410009AE45 /* VoidView.swift in Sources */ = {isa = PBXBuildFile; fileRef = 03E86D092B59B2410009AE45 /* VoidView.swift */; };
		03E86D0C2B59B2580009AE45 /* RootViewContainer.swift in Sources */ = {isa = PBXBuildFile; fileRef = 03E86D0B2B59B2580009AE45 /* RootViewContainer.swift */; };
		03E86D0E2B59B26B0009AE45 /* ShipView.swift in Sources */ = {isa = PBXBuildFile; fileRef = 03E86D0D2B59B26B0009AE45 /* ShipView.swift */; };
		03E86D102B59B27C0009AE45 /* DismissContainerView.swift in Sources */ = {isa = PBXBuildFile; fileRef = 03E86D0F2B59B27C0009AE45 /* DismissContainerView.swift */; };
		03F3DD8C2B35582B000F17A7 /* Optional+Utils.swift in Sources */ = {isa = PBXBuildFile; fileRef = 03F3DD8B2B35582B000F17A7 /* Optional+Utils.swift */; };
		03F3DD8E2B355A10000F17A7 /* Event.swift in Sources */ = {isa = PBXBuildFile; fileRef = 03F3DD8D2B355A10000F17A7 /* Event.swift */; };
		03F3E6512B1D969200635600 /* ShipRouter.swift in Sources */ = {isa = PBXBuildFile; fileRef = 03F3E6322B1D969100635600 /* ShipRouter.swift */; };
		03F3E6522B1D969200635600 /* ShipRoute.swift in Sources */ = {isa = PBXBuildFile; fileRef = 03F3E6342B1D969100635600 /* ShipRoute.swift */; };
		03F3E6532B1D969200635600 /* ShipRoutesEnumProtocol.swift in Sources */ = {isa = PBXBuildFile; fileRef = 03F3E6352B1D969100635600 /* ShipRoutesEnumProtocol.swift */; };
		03F3E6592B1D969200635600 /* ShipViewProtocol.swift in Sources */ = {isa = PBXBuildFile; fileRef = 03F3E63C2B1D969200635600 /* ShipViewProtocol.swift */; };
		03F3E65A2B1D969200635600 /* BuilderProtocol.swift in Sources */ = {isa = PBXBuildFile; fileRef = 03F3E63D2B1D969200635600 /* BuilderProtocol.swift */; };
		03F3E6662B1D969200635600 /* View+Utils.swift in Sources */ = {isa = PBXBuildFile; fileRef = 03F3E64C2B1D969200635600 /* View+Utils.swift */; };
		03F3E6672B1D969200635600 /* ShipViewProtocol+setupNavigation.swift in Sources */ = {isa = PBXBuildFile; fileRef = 03F3E64D2B1D969200635600 /* ShipViewProtocol+setupNavigation.swift */; };
		03F3E66C2B1D96AB00635600 /* NavigationEvent.swift in Sources */ = {isa = PBXBuildFile; fileRef = 03F3E66B2B1D96AB00635600 /* NavigationEvent.swift */; };
/* End PBXBuildFile section */

/* Begin PBXFileReference section */
		030E5E0C2B15B86200772AC7 /* EventTag.swift */ = {isa = PBXFileReference; lastKnownFileType = sourcecode.swift; path = EventTag.swift; sourceTree = "<group>"; };
		033558822B2C2B8E004D0795 /* DateFormatter+Utils.swift */ = {isa = PBXFileReference; lastKnownFileType = sourcecode.swift; path = "DateFormatter+Utils.swift"; sourceTree = "<group>"; };
		033558842B2C2BE5004D0795 /* String+Utils.swift */ = {isa = PBXFileReference; lastKnownFileType = sourcecode.swift; path = "String+Utils.swift"; sourceTree = "<group>"; };
		033558862B2C2C39004D0795 /* Date+Utils.swift */ = {isa = PBXFileReference; lastKnownFileType = sourcecode.swift; path = "Date+Utils.swift"; sourceTree = "<group>"; };
		0344E0C52B622C7B004D5F63 /* CategoriesFilterView.swift */ = {isa = PBXFileReference; lastKnownFileType = sourcecode.swift; path = CategoriesFilterView.swift; sourceTree = "<group>"; };
		0344E0F82B67D161004D5F63 /* DiscoveryRouter.swift */ = {isa = PBXFileReference; lastKnownFileType = sourcecode.swift; path = DiscoveryRouter.swift; sourceTree = "<group>"; };
		0344E0FC2B67D1F0004D5F63 /* DiscoveryFiltersService.swift */ = {isa = PBXFileReference; lastKnownFileType = sourcecode.swift; path = DiscoveryFiltersService.swift; sourceTree = "<group>"; };
		0344E0FF2B67D215004D5F63 /* DiscoveryDataState.swift */ = {isa = PBXFileReference; lastKnownFileType = sourcecode.swift; path = DiscoveryDataState.swift; sourceTree = "<group>"; };
		0344E1022B67D260004D5F63 /* DiscoveryViewModel.swift */ = {isa = PBXFileReference; lastKnownFileType = sourcecode.swift; path = DiscoveryViewModel.swift; sourceTree = "<group>"; };
		0344E1052B67D50A004D5F63 /* CacheAsyncImage.swift */ = {isa = PBXFileReference; lastKnownFileType = sourcecode.swift; path = CacheAsyncImage.swift; sourceTree = "<group>"; };
		0344E1082B67D570004D5F63 /* WebViews.swift */ = {isa = PBXFileReference; lastKnownFileType = sourcecode.swift; path = WebViews.swift; sourceTree = "<group>"; };
		0344E10B2B67D599004D5F63 /* EventCard.swift */ = {isa = PBXFileReference; lastKnownFileType = sourcecode.swift; path = EventCard.swift; sourceTree = "<group>"; };
		0344E10E2B67D5C9004D5F63 /* ReservationButtonUIMode.swift */ = {isa = PBXFileReference; lastKnownFileType = sourcecode.swift; path = ReservationButtonUIMode.swift; sourceTree = "<group>"; };
		0344E1102B67D60D004D5F63 /* CategoryView.swift */ = {isa = PBXFileReference; lastKnownFileType = sourcecode.swift; path = CategoryView.swift; sourceTree = "<group>"; };
		0344E1122B67D62C004D5F63 /* CategoryMode.swift */ = {isa = PBXFileReference; lastKnownFileType = sourcecode.swift; path = CategoryMode.swift; sourceTree = "<group>"; };
		0344E1162B67F390004D5F63 /* DiscoveryView copy.swift */ = {isa = PBXFileReference; fileEncoding = 4; lastKnownFileType = sourcecode.swift; path = "DiscoveryView copy.swift"; sourceTree = "<group>"; };
		036840862B71186800F739D6 /* Launch Screen.storyboard */ = {isa = PBXFileReference; lastKnownFileType = file.storyboard; path = "Launch Screen.storyboard"; sourceTree = "<group>"; };
		036840882B711BE000F739D6 /* Paname-Info.plist */ = {isa = PBXFileReference; lastKnownFileType = text.plist; path = "Paname-Info.plist"; sourceTree = "<group>"; };
		037984E82B73477B0079DA5C /* Audience.swift */ = {isa = PBXFileReference; lastKnownFileType = sourcecode.swift; path = Audience.swift; sourceTree = "<group>"; };
		039364572B0F416D008FC275 /* Paname.app */ = {isa = PBXFileReference; explicitFileType = wrapper.application; includeInIndex = 0; path = Paname.app; sourceTree = BUILT_PRODUCTS_DIR; };
		0393645A2B0F416D008FC275 /* WhatsUpParisApp.swift */ = {isa = PBXFileReference; lastKnownFileType = sourcecode.swift; path = WhatsUpParisApp.swift; sourceTree = "<group>"; };
		0393645C2B0F416D008FC275 /* ContentView.swift */ = {isa = PBXFileReference; lastKnownFileType = sourcecode.swift; path = ContentView.swift; sourceTree = "<group>"; };
		0393645E2B0F416E008FC275 /* Assets.xcassets */ = {isa = PBXFileReference; lastKnownFileType = folder.assetcatalog; path = Assets.xcassets; sourceTree = "<group>"; };
		039364612B0F416E008FC275 /* Preview Assets.xcassets */ = {isa = PBXFileReference; lastKnownFileType = folder.assetcatalog; path = "Preview Assets.xcassets"; sourceTree = "<group>"; };
		039364682B0F4514008FC275 /* Agent.swift */ = {isa = PBXFileReference; lastKnownFileType = sourcecode.swift; path = Agent.swift; sourceTree = "<group>"; };
		0393646A2B0F48D2008FC275 /* EventService.swift */ = {isa = PBXFileReference; lastKnownFileType = sourcecode.swift; path = EventService.swift; sourceTree = "<group>"; };
		03E86CFF2B59B1B70009AE45 /* CategoriesFilterView.swift */ = {isa = PBXFileReference; fileEncoding = 4; lastKnownFileType = sourcecode.swift; name = CategoriesFilterView.swift; path = CategoriesFilterView/CategoriesFilterView.swift; sourceTree = SOURCE_ROOT; };
		03E86D012B59B1D30009AE45 /* ShipLazyView.swift */ = {isa = PBXFileReference; fileEncoding = 4; lastKnownFileType = sourcecode.swift; name = ShipLazyView.swift; path = Dicovery/ShipLazyView.swift; sourceTree = SOURCE_ROOT; };
		03E86D032B59B1FE0009AE45 /* DiscoveryBuilder.swift */ = {isa = PBXFileReference; fileEncoding = 4; lastKnownFileType = sourcecode.swift; name = DiscoveryBuilder.swift; path = Dicovery/Builder/DiscoveryBuilder.swift; sourceTree = SOURCE_ROOT; };
		03E86D052B59B20D0009AE45 /* DiscoveryRouter.swift */ = {isa = PBXFileReference; fileEncoding = 4; lastKnownFileType = sourcecode.swift; name = DiscoveryRouter.swift; path = Dicovery/DiscoveryRouter.swift; sourceTree = SOURCE_ROOT; };
		03E86D072B59B2300009AE45 /* RootView.swift */ = {isa = PBXFileReference; fileEncoding = 4; lastKnownFileType = sourcecode.swift; name = RootView.swift; path = Dicovery/RootView.swift; sourceTree = SOURCE_ROOT; };
		03E86D092B59B2410009AE45 /* VoidView.swift */ = {isa = PBXFileReference; fileEncoding = 4; lastKnownFileType = sourcecode.swift; path = VoidView.swift; sourceTree = "<group>"; };
		03E86D0B2B59B2580009AE45 /* RootViewContainer.swift */ = {isa = PBXFileReference; fileEncoding = 4; lastKnownFileType = sourcecode.swift; path = RootViewContainer.swift; sourceTree = "<group>"; };
		03E86D0D2B59B26B0009AE45 /* ShipView.swift */ = {isa = PBXFileReference; fileEncoding = 4; lastKnownFileType = sourcecode.swift; path = ShipView.swift; sourceTree = "<group>"; };
		03E86D0F2B59B27C0009AE45 /* DismissContainerView.swift */ = {isa = PBXFileReference; fileEncoding = 4; lastKnownFileType = sourcecode.swift; path = DismissContainerView.swift; sourceTree = "<group>"; };
		03F3DD8B2B35582B000F17A7 /* Optional+Utils.swift */ = {isa = PBXFileReference; lastKnownFileType = sourcecode.swift; path = "Optional+Utils.swift"; sourceTree = "<group>"; };
		03F3DD8D2B355A10000F17A7 /* Event.swift */ = {isa = PBXFileReference; lastKnownFileType = sourcecode.swift; path = Event.swift; sourceTree = "<group>"; };
		03F3E6322B1D969100635600 /* ShipRouter.swift */ = {isa = PBXFileReference; fileEncoding = 4; lastKnownFileType = sourcecode.swift; path = ShipRouter.swift; sourceTree = "<group>"; };
		03F3E6342B1D969100635600 /* ShipRoute.swift */ = {isa = PBXFileReference; fileEncoding = 4; lastKnownFileType = sourcecode.swift; path = ShipRoute.swift; sourceTree = "<group>"; };
		03F3E6352B1D969100635600 /* ShipRoutesEnumProtocol.swift */ = {isa = PBXFileReference; fileEncoding = 4; lastKnownFileType = sourcecode.swift; path = ShipRoutesEnumProtocol.swift; sourceTree = "<group>"; };
		03F3E63C2B1D969200635600 /* ShipViewProtocol.swift */ = {isa = PBXFileReference; fileEncoding = 4; lastKnownFileType = sourcecode.swift; path = ShipViewProtocol.swift; sourceTree = "<group>"; };
		03F3E63D2B1D969200635600 /* BuilderProtocol.swift */ = {isa = PBXFileReference; fileEncoding = 4; lastKnownFileType = sourcecode.swift; path = BuilderProtocol.swift; sourceTree = "<group>"; };
		03F3E64C2B1D969200635600 /* View+Utils.swift */ = {isa = PBXFileReference; fileEncoding = 4; lastKnownFileType = sourcecode.swift; path = "View+Utils.swift"; sourceTree = "<group>"; };
		03F3E64D2B1D969200635600 /* ShipViewProtocol+setupNavigation.swift */ = {isa = PBXFileReference; fileEncoding = 4; lastKnownFileType = sourcecode.swift; path = "ShipViewProtocol+setupNavigation.swift"; sourceTree = "<group>"; };
		03F3E66B2B1D96AB00635600 /* NavigationEvent.swift */ = {isa = PBXFileReference; lastKnownFileType = sourcecode.swift; path = NavigationEvent.swift; sourceTree = "<group>"; };
/* End PBXFileReference section */

/* Begin PBXFrameworksBuildPhase section */
		039364542B0F416D008FC275 /* Frameworks */ = {
			isa = PBXFrameworksBuildPhase;
			buildActionMask = 2147483647;
			files = (
			);
			runOnlyForDeploymentPostprocessing = 0;
		};
/* End PBXFrameworksBuildPhase section */

/* Begin PBXGroup section */
		030E5E0E2B15B86B00772AC7 /* Models */ = {
			isa = PBXGroup;
			children = (
				030E5E0C2B15B86200772AC7 /* EventTag.swift */,
				03F3DD8D2B355A10000F17A7 /* Event.swift */,
				037984E82B73477B0079DA5C /* Audience.swift */,
			);
			path = Models;
			sourceTree = "<group>";
		};
		033558812B2C2B7F004D0795 /* Utils */ = {
			isa = PBXGroup;
			children = (
				033558822B2C2B8E004D0795 /* DateFormatter+Utils.swift */,
				033558842B2C2BE5004D0795 /* String+Utils.swift */,
				033558862B2C2C39004D0795 /* Date+Utils.swift */,
				03F3DD8B2B35582B000F17A7 /* Optional+Utils.swift */,
			);
			path = Utils;
			sourceTree = "<group>";
		};
		0356DAAC2B35D3BC00CDF219 /* CategoriesFilterView */ = {
			isa = PBXGroup;
			children = (
				03E86CFF2B59B1B70009AE45 /* CategoriesFilterView.swift */,
			);
			path = CategoriesFilterView;
			sourceTree = "<group>";
		};
		0393644E2B0F416D008FC275 = {
			isa = PBXGroup;
			children = (
				036840882B711BE000F739D6 /* Paname-Info.plist */,
				039364592B0F416D008FC275 /* WhatsUpParis */,
				039364582B0F416D008FC275 /* Products */,
			);
			sourceTree = "<group>";
		};
		039364582B0F416D008FC275 /* Products */ = {
			isa = PBXGroup;
			children = (
				039364572B0F416D008FC275 /* Paname.app */,
			);
			name = Products;
			sourceTree = "<group>";
		};
		039364592B0F416D008FC275 /* WhatsUpParis */ = {
			isa = PBXGroup;
			children = (
				03F3E6432B1D969200635600 /* Components */,
				030E5E0E2B15B86B00772AC7 /* Models */,
				03F3E63B2B1D969200635600 /* Protocols */,
				03F3E6332B1D969100635600 /* ShipRoute */,
				03F3E6312B1D969100635600 /* ShipRouter */,
				03F3E64B2B1D969200635600 /* View+Extension */,
				0393646C2B0FBAB6008FC275 /* Core */,
				0393645A2B0F416D008FC275 /* WhatsUpParisApp.swift */,
				0393646A2B0F48D2008FC275 /* EventService.swift */,
				0393645C2B0F416D008FC275 /* ContentView.swift */,
				0393645E2B0F416E008FC275 /* Assets.xcassets */,
				039364602B0F416E008FC275 /* Preview Content */,
				036840862B71186800F739D6 /* Launch Screen.storyboard */,
			);
			path = WhatsUpParis;
			sourceTree = "<group>";
		};
		039364602B0F416E008FC275 /* Preview Content */ = {
			isa = PBXGroup;
			children = (
				039364612B0F416E008FC275 /* Preview Assets.xcassets */,
			);
			path = "Preview Content";
			sourceTree = "<group>";
		};
		0393646C2B0FBAB6008FC275 /* Core */ = {
			isa = PBXGroup;
			children = (
				033558812B2C2B7F004D0795 /* Utils */,
				03F3E66D2B1D979A00635600 /* New Group */,
				0393646D2B0FBABB008FC275 /* Client */,
			);
			path = Core;
			sourceTree = "<group>";
		};
		0393646D2B0FBABB008FC275 /* Client */ = {
			isa = PBXGroup;
			children = (
				039364682B0F4514008FC275 /* Agent.swift */,
			);
			path = Client;
			sourceTree = "<group>";
		};
		03B720162B1EF2970022A46A /* Builder */ = {
			isa = PBXGroup;
			children = (
				03E86D032B59B1FE0009AE45 /* DiscoveryBuilder.swift */,
			);
			path = Builder;
			sourceTree = "<group>";
		};
		03F3E6312B1D969100635600 /* ShipRouter */ = {
			isa = PBXGroup;
			children = (
				03F3E6322B1D969100635600 /* ShipRouter.swift */,
			);
			path = ShipRouter;
			sourceTree = "<group>";
		};
		03F3E6332B1D969100635600 /* ShipRoute */ = {
			isa = PBXGroup;
			children = (
				03F3E6342B1D969100635600 /* ShipRoute.swift */,
				03F3E6352B1D969100635600 /* ShipRoutesEnumProtocol.swift */,
			);
			path = ShipRoute;
			sourceTree = "<group>";
		};
		03F3E63B2B1D969200635600 /* Protocols */ = {
			isa = PBXGroup;
			children = (
				03F3E63C2B1D969200635600 /* ShipViewProtocol.swift */,
				03F3E63D2B1D969200635600 /* BuilderProtocol.swift */,
			);
			path = Protocols;
			sourceTree = "<group>";
		};
		03F3E6432B1D969200635600 /* Components */ = {
			isa = PBXGroup;
			children = (
				0356DAAC2B35D3BC00CDF219 /* CategoriesFilterView */,
				03F3E66E2B1D97A500635600 /* Dicovery */,
				03E86D092B59B2410009AE45 /* VoidView.swift */,
				03E86D0B2B59B2580009AE45 /* RootViewContainer.swift */,
				03E86D0D2B59B26B0009AE45 /* ShipView.swift */,
				03E86D0F2B59B27C0009AE45 /* DismissContainerView.swift */,
			);
			name = Components;
			path = ../../../ZENCHEF/SwiftUI_Navigation/ShipNavigation/Sources/ShipNavigation/ShipNavigationSPM/Components;
			sourceTree = "<group>";
		};
		03F3E64B2B1D969200635600 /* View+Extension */ = {
			isa = PBXGroup;
			children = (
				03F3E64C2B1D969200635600 /* View+Utils.swift */,
				03F3E64D2B1D969200635600 /* ShipViewProtocol+setupNavigation.swift */,
			);
			path = "View+Extension";
			sourceTree = "<group>";
		};
		03F3E66D2B1D979A00635600 /* New Group */ = {
			isa = PBXGroup;
			children = (
			);
			path = "New Group";
			sourceTree = "<group>";
		};
		03F3E66E2B1D97A500635600 /* Dicovery */ = {
			isa = PBXGroup;
			children = (
				03E86D012B59B1D30009AE45 /* ShipLazyView.swift */,
				03B720162B1EF2970022A46A /* Builder */,
				03E86D052B59B20D0009AE45 /* DiscoveryRouter.swift */,
				03E86D072B59B2300009AE45 /* RootView.swift */,
			);
			path = Dicovery;
			sourceTree = "<group>";
		};
/* End PBXGroup section */

/* Begin PBXNativeTarget section */
		039364562B0F416D008FC275 /* Paname */ = {
			isa = PBXNativeTarget;
			buildConfigurationList = 039364652B0F416E008FC275 /* Build configuration list for PBXNativeTarget "Paname" */;
			buildPhases = (
				039364532B0F416D008FC275 /* Sources */,
				039364542B0F416D008FC275 /* Frameworks */,
				039364552B0F416D008FC275 /* Resources */,
			);
			buildRules = (
			);
			dependencies = (
			);
			name = Paname;
			productName = WhatsUpParis;
			productReference = 039364572B0F416D008FC275 /* Paname.app */;
			productType = "com.apple.product-type.application";
		};
/* End PBXNativeTarget section */

/* Begin PBXProject section */
		0393644F2B0F416D008FC275 /* Project object */ = {
			isa = PBXProject;
			attributes = {
				BuildIndependentTargetsInParallel = 1;
				LastSwiftUpdateCheck = 1500;
				LastUpgradeCheck = 1500;
				TargetAttributes = {
					039364562B0F416D008FC275 = {
						CreatedOnToolsVersion = 15.0;
					};
				};
			};
			buildConfigurationList = 039364522B0F416D008FC275 /* Build configuration list for PBXProject "Paname" */;
			compatibilityVersion = "Xcode 14.0";
			developmentRegion = en;
			hasScannedForEncodings = 0;
			knownRegions = (
				en,
				Base,
			);
			mainGroup = 0393644E2B0F416D008FC275;
			packageReferences = (
			);
			productRefGroup = 039364582B0F416D008FC275 /* Products */;
			projectDirPath = "";
			projectRoot = "";
			targets = (
				039364562B0F416D008FC275 /* Paname */,
			);
		};
/* End PBXProject section */

/* Begin PBXResourcesBuildPhase section */
		039364552B0F416D008FC275 /* Resources */ = {
			isa = PBXResourcesBuildPhase;
			buildActionMask = 2147483647;
			files = (
				036840872B71186800F739D6 /* Launch Screen.storyboard in Resources */,
				039364622B0F416E008FC275 /* Preview Assets.xcassets in Resources */,
				0393645F2B0F416E008FC275 /* Assets.xcassets in Resources */,
			);
			runOnlyForDeploymentPostprocessing = 0;
		};
/* End PBXResourcesBuildPhase section */

/* Begin PBXSourcesBuildPhase section */
		039364532B0F416D008FC275 /* Sources */ = {
			isa = PBXSourcesBuildPhase;
			buildActionMask = 2147483647;
			files = (
				033558852B2C2BE5004D0795 /* String+Utils.swift in Sources */,
				03F3E66C2B1D96AB00635600 /* NavigationEvent.swift in Sources */,
				03E86D022B59B1D30009AE45 /* ShipLazyView.swift in Sources */,
				03E86D082B59B2300009AE45 /* RootView.swift in Sources */,
				03F3E65A2B1D969200635600 /* BuilderProtocol.swift in Sources */,
				03F3DD8C2B35582B000F17A7 /* Optional+Utils.swift in Sources */,
				03E86D0C2B59B2580009AE45 /* RootViewContainer.swift in Sources */,
				03E86D0E2B59B26B0009AE45 /* ShipView.swift in Sources */,
				03F3E6672B1D969200635600 /* ShipViewProtocol+setupNavigation.swift in Sources */,
				03E86D062B59B20D0009AE45 /* DiscoveryRouter.swift in Sources */,
				03F3E6662B1D969200635600 /* View+Utils.swift in Sources */,
				03F3E6512B1D969200635600 /* ShipRouter.swift in Sources */,
				03F3E6522B1D969200635600 /* ShipRoute.swift in Sources */,
				03E86D042B59B1FE0009AE45 /* DiscoveryBuilder.swift in Sources */,
				03F3DD8E2B355A10000F17A7 /* Event.swift in Sources */,
				033558872B2C2C39004D0795 /* Date+Utils.swift in Sources */,
				0393646B2B0F48D2008FC275 /* EventService.swift in Sources */,
				03F3E6592B1D969200635600 /* ShipViewProtocol.swift in Sources */,
				03E86D002B59B1B70009AE45 /* CategoriesFilterView.swift in Sources */,
				039364692B0F4514008FC275 /* Agent.swift in Sources */,
				0344E0C62B622C7B004D5F63 /* CategoriesFilterView.swift in Sources */,
				0344E10C2B67D599004D5F63 /* EventCard.swift in Sources */,
				037984E92B73477B0079DA5C /* Audience.swift in Sources */,
				0344E1112B67D60D004D5F63 /* CategoryView.swift in Sources */,
				03F3E6532B1D969200635600 /* ShipRoutesEnumProtocol.swift in Sources */,
				0393645D2B0F416D008FC275 /* ContentView.swift in Sources */,
				03E86D102B59B27C0009AE45 /* DismissContainerView.swift in Sources */,
				033558832B2C2B8E004D0795 /* DateFormatter+Utils.swift in Sources */,
				030E5E0D2B15B86200772AC7 /* EventTag.swift in Sources */,
				03E86D0A2B59B2410009AE45 /* VoidView.swift in Sources */,
				0393645B2B0F416D008FC275 /* WhatsUpParisApp.swift in Sources */,
			);
			runOnlyForDeploymentPostprocessing = 0;
		};
/* End PBXSourcesBuildPhase section */

/* Begin XCBuildConfiguration section */
		039364632B0F416E008FC275 /* Debug */ = {
			isa = XCBuildConfiguration;
			buildSettings = {
				ALWAYS_SEARCH_USER_PATHS = NO;
				ASSETCATALOG_COMPILER_GENERATE_SWIFT_ASSET_SYMBOL_EXTENSIONS = YES;
				CLANG_ANALYZER_NONNULL = YES;
				CLANG_ANALYZER_NUMBER_OBJECT_CONVERSION = YES_AGGRESSIVE;
				CLANG_CXX_LANGUAGE_STANDARD = "gnu++20";
				CLANG_ENABLE_MODULES = YES;
				CLANG_ENABLE_OBJC_ARC = YES;
				CLANG_ENABLE_OBJC_WEAK = YES;
				CLANG_WARN_BLOCK_CAPTURE_AUTORELEASING = YES;
				CLANG_WARN_BOOL_CONVERSION = YES;
				CLANG_WARN_COMMA = YES;
				CLANG_WARN_CONSTANT_CONVERSION = YES;
				CLANG_WARN_DEPRECATED_OBJC_IMPLEMENTATIONS = YES;
				CLANG_WARN_DIRECT_OBJC_ISA_USAGE = YES_ERROR;
				CLANG_WARN_DOCUMENTATION_COMMENTS = YES;
				CLANG_WARN_EMPTY_BODY = YES;
				CLANG_WARN_ENUM_CONVERSION = YES;
				CLANG_WARN_INFINITE_RECURSION = YES;
				CLANG_WARN_INT_CONVERSION = YES;
				CLANG_WARN_NON_LITERAL_NULL_CONVERSION = YES;
				CLANG_WARN_OBJC_IMPLICIT_RETAIN_SELF = YES;
				CLANG_WARN_OBJC_LITERAL_CONVERSION = YES;
				CLANG_WARN_OBJC_ROOT_CLASS = YES_ERROR;
				CLANG_WARN_QUOTED_INCLUDE_IN_FRAMEWORK_HEADER = YES;
				CLANG_WARN_RANGE_LOOP_ANALYSIS = YES;
				CLANG_WARN_STRICT_PROTOTYPES = YES;
				CLANG_WARN_SUSPICIOUS_MOVE = YES;
				CLANG_WARN_UNGUARDED_AVAILABILITY = YES_AGGRESSIVE;
				CLANG_WARN_UNREACHABLE_CODE = YES;
				CLANG_WARN__DUPLICATE_METHOD_MATCH = YES;
				COPY_PHASE_STRIP = NO;
				DEBUG_INFORMATION_FORMAT = dwarf;
				ENABLE_STRICT_OBJC_MSGSEND = YES;
				ENABLE_TESTABILITY = YES;
				ENABLE_USER_SCRIPT_SANDBOXING = YES;
				GCC_C_LANGUAGE_STANDARD = gnu17;
				GCC_DYNAMIC_NO_PIC = NO;
				GCC_NO_COMMON_BLOCKS = YES;
				GCC_OPTIMIZATION_LEVEL = 0;
				GCC_PREPROCESSOR_DEFINITIONS = (
					"DEBUG=1",
					"$(inherited)",
				);
				GCC_WARN_64_TO_32_BIT_CONVERSION = YES;
				GCC_WARN_ABOUT_RETURN_TYPE = YES_ERROR;
				GCC_WARN_UNDECLARED_SELECTOR = YES;
				GCC_WARN_UNINITIALIZED_AUTOS = YES_AGGRESSIVE;
				GCC_WARN_UNUSED_FUNCTION = YES;
				GCC_WARN_UNUSED_VARIABLE = YES;
				IPHONEOS_DEPLOYMENT_TARGET = 17.0;
				LOCALIZATION_PREFERS_STRING_CATALOGS = YES;
				MTL_ENABLE_DEBUG_INFO = INCLUDE_SOURCE;
				MTL_FAST_MATH = YES;
				ONLY_ACTIVE_ARCH = YES;
				SDKROOT = iphoneos;
				SWIFT_ACTIVE_COMPILATION_CONDITIONS = "DEBUG $(inherited)";
				SWIFT_OPTIMIZATION_LEVEL = "-Onone";
			};
			name = Debug;
		};
		039364642B0F416E008FC275 /* Release */ = {
			isa = XCBuildConfiguration;
			buildSettings = {
				ALWAYS_SEARCH_USER_PATHS = NO;
				ASSETCATALOG_COMPILER_GENERATE_SWIFT_ASSET_SYMBOL_EXTENSIONS = YES;
				CLANG_ANALYZER_NONNULL = YES;
				CLANG_ANALYZER_NUMBER_OBJECT_CONVERSION = YES_AGGRESSIVE;
				CLANG_CXX_LANGUAGE_STANDARD = "gnu++20";
				CLANG_ENABLE_MODULES = YES;
				CLANG_ENABLE_OBJC_ARC = YES;
				CLANG_ENABLE_OBJC_WEAK = YES;
				CLANG_WARN_BLOCK_CAPTURE_AUTORELEASING = YES;
				CLANG_WARN_BOOL_CONVERSION = YES;
				CLANG_WARN_COMMA = YES;
				CLANG_WARN_CONSTANT_CONVERSION = YES;
				CLANG_WARN_DEPRECATED_OBJC_IMPLEMENTATIONS = YES;
				CLANG_WARN_DIRECT_OBJC_ISA_USAGE = YES_ERROR;
				CLANG_WARN_DOCUMENTATION_COMMENTS = YES;
				CLANG_WARN_EMPTY_BODY = YES;
				CLANG_WARN_ENUM_CONVERSION = YES;
				CLANG_WARN_INFINITE_RECURSION = YES;
				CLANG_WARN_INT_CONVERSION = YES;
				CLANG_WARN_NON_LITERAL_NULL_CONVERSION = YES;
				CLANG_WARN_OBJC_IMPLICIT_RETAIN_SELF = YES;
				CLANG_WARN_OBJC_LITERAL_CONVERSION = YES;
				CLANG_WARN_OBJC_ROOT_CLASS = YES_ERROR;
				CLANG_WARN_QUOTED_INCLUDE_IN_FRAMEWORK_HEADER = YES;
				CLANG_WARN_RANGE_LOOP_ANALYSIS = YES;
				CLANG_WARN_STRICT_PROTOTYPES = YES;
				CLANG_WARN_SUSPICIOUS_MOVE = YES;
				CLANG_WARN_UNGUARDED_AVAILABILITY = YES_AGGRESSIVE;
				CLANG_WARN_UNREACHABLE_CODE = YES;
				CLANG_WARN__DUPLICATE_METHOD_MATCH = YES;
				COPY_PHASE_STRIP = NO;
				DEBUG_INFORMATION_FORMAT = "dwarf-with-dsym";
				ENABLE_NS_ASSERTIONS = NO;
				ENABLE_STRICT_OBJC_MSGSEND = YES;
				ENABLE_USER_SCRIPT_SANDBOXING = YES;
				GCC_C_LANGUAGE_STANDARD = gnu17;
				GCC_NO_COMMON_BLOCKS = YES;
				GCC_WARN_64_TO_32_BIT_CONVERSION = YES;
				GCC_WARN_ABOUT_RETURN_TYPE = YES_ERROR;
				GCC_WARN_UNDECLARED_SELECTOR = YES;
				GCC_WARN_UNINITIALIZED_AUTOS = YES_AGGRESSIVE;
				GCC_WARN_UNUSED_FUNCTION = YES;
				GCC_WARN_UNUSED_VARIABLE = YES;
				IPHONEOS_DEPLOYMENT_TARGET = 17.0;
				LOCALIZATION_PREFERS_STRING_CATALOGS = YES;
				MTL_ENABLE_DEBUG_INFO = NO;
				MTL_FAST_MATH = YES;
				SDKROOT = iphoneos;
				SWIFT_COMPILATION_MODE = wholemodule;
				VALIDATE_PRODUCT = YES;
			};
			name = Release;
		};
		039364662B0F416E008FC275 /* Debug */ = {
			isa = XCBuildConfiguration;
			buildSettings = {
				ASSETCATALOG_COMPILER_APPICON_NAME = AppIcon;
				ASSETCATALOG_COMPILER_GLOBAL_ACCENT_COLOR_NAME = AccentColor;
				CODE_SIGN_STYLE = Automatic;
				CURRENT_PROJECT_VERSION = 4;
				DEVELOPMENT_ASSET_PATHS = "\"WhatsUpParis/Preview Content\"";
				DEVELOPMENT_TEAM = 6NVH37G35U;
				ENABLE_PREVIEWS = YES;
				GENERATE_INFOPLIST_FILE = YES;
				INFOPLIST_FILE = "Paname-Info.plist";
				INFOPLIST_KEY_LSApplicationCategoryType = "public.app-category.entertainment";
				INFOPLIST_KEY_UIApplicationSceneManifest_Generation = YES;
				INFOPLIST_KEY_UIApplicationSupportsIndirectInputEvents = YES;
				INFOPLIST_KEY_UILaunchScreen_Generation = YES;
				INFOPLIST_KEY_UILaunchStoryboardName = "Launch Screen.storyboard";
				INFOPLIST_KEY_UISupportedInterfaceOrientations = UIInterfaceOrientationPortrait;
				INFOPLIST_KEY_UISupportedInterfaceOrientations_iPad = "UIInterfaceOrientationPortrait UIInterfaceOrientationPortraitUpsideDown";
				INFOPLIST_KEY_UIUserInterfaceStyle = Dark;
				LD_RUNPATH_SEARCH_PATHS = (
					"$(inherited)",
					"@executable_path/Frameworks",
				);
				MARKETING_VERSION = 1.0.3;
				NEW_SETTING = "";
				PRODUCT_BUNDLE_IDENTIFIER = com.ac.paname;
				PRODUCT_NAME = "$(TARGET_NAME)";
				SUPPORTED_PLATFORMS = "iphoneos iphonesimulator";
				SUPPORTS_MACCATALYST = NO;
				SUPPORTS_MAC_DESIGNED_FOR_IPHONE_IPAD = NO;
				SWIFT_EMIT_LOC_STRINGS = YES;
				SWIFT_VERSION = 5.0;
				TARGETED_DEVICE_FAMILY = 1;
			};
			name = Debug;
		};
		039364672B0F416E008FC275 /* Release */ = {
			isa = XCBuildConfiguration;
			buildSettings = {
				ASSETCATALOG_COMPILER_APPICON_NAME = AppIcon;
				ASSETCATALOG_COMPILER_GLOBAL_ACCENT_COLOR_NAME = AccentColor;
				CODE_SIGN_STYLE = Automatic;
				CURRENT_PROJECT_VERSION = 4;
				DEVELOPMENT_ASSET_PATHS = "\"WhatsUpParis/Preview Content\"";
				DEVELOPMENT_TEAM = 6NVH37G35U;
				ENABLE_PREVIEWS = YES;
				GENERATE_INFOPLIST_FILE = YES;
				INFOPLIST_FILE = "Paname-Info.plist";
				INFOPLIST_KEY_LSApplicationCategoryType = "public.app-category.entertainment";
				INFOPLIST_KEY_UIApplicationSceneManifest_Generation = YES;
				INFOPLIST_KEY_UIApplicationSupportsIndirectInputEvents = YES;
				INFOPLIST_KEY_UILaunchScreen_Generation = YES;
				INFOPLIST_KEY_UILaunchStoryboardName = "Launch Screen.storyboard";
				INFOPLIST_KEY_UISupportedInterfaceOrientations = UIInterfaceOrientationPortrait;
				INFOPLIST_KEY_UISupportedInterfaceOrientations_iPad = "UIInterfaceOrientationPortrait UIInterfaceOrientationPortraitUpsideDown";
				INFOPLIST_KEY_UIUserInterfaceStyle = Dark;
				LD_RUNPATH_SEARCH_PATHS = (
					"$(inherited)",
					"@executable_path/Frameworks",
				);
				MARKETING_VERSION = 1.0.3;
				NEW_SETTING = "";
				PRODUCT_BUNDLE_IDENTIFIER = com.ac.paname;
				PRODUCT_NAME = "$(TARGET_NAME)";
				SUPPORTED_PLATFORMS = "iphoneos iphonesimulator";
				SUPPORTS_MACCATALYST = NO;
				SUPPORTS_MAC_DESIGNED_FOR_IPHONE_IPAD = NO;
				SWIFT_EMIT_LOC_STRINGS = YES;
				SWIFT_VERSION = 5.0;
				TARGETED_DEVICE_FAMILY = 1;
			};
			name = Release;
		};
/* End XCBuildConfiguration section */

/* Begin XCConfigurationList section */
		039364522B0F416D008FC275 /* Build configuration list for PBXProject "Paname" */ = {
			isa = XCConfigurationList;
			buildConfigurations = (
				039364632B0F416E008FC275 /* Debug */,
				039364642B0F416E008FC275 /* Release */,
			);
			defaultConfigurationIsVisible = 0;
			defaultConfigurationName = Release;
		};
		039364652B0F416E008FC275 /* Build configuration list for PBXNativeTarget "Paname" */ = {
			isa = XCConfigurationList;
			buildConfigurations = (
				039364662B0F416E008FC275 /* Debug */,
				039364672B0F416E008FC275 /* Release */,
			);
			defaultConfigurationIsVisible = 0;
			defaultConfigurationName = Release;
		};
/* End XCConfigurationList section */
	};
	rootObject = 0393644F2B0F416D008FC275 /* Project object */;
}
